// !$*UTF8*$!
{
	archiveVersion = 1;
	classes = {
	};
	objectVersion = 46;
	objects = {

/* Begin PBXBuildFile section */
		BF8582AB19EC3C1500F1C19A /* main.m in Sources */ = {isa = PBXBuildFile; fileRef = BF8582AA19EC3C1500F1C19A /* main.m */; };
		BF8582AE19EC3C1500F1C19A /* AppDelegate.m in Sources */ = {isa = PBXBuildFile; fileRef = BF8582AD19EC3C1500F1C19A /* AppDelegate.m */; };
		BF8582B119EC3C1500F1C19A /* ViewController.m in Sources */ = {isa = PBXBuildFile; fileRef = BF8582B019EC3C1500F1C19A /* ViewController.m */; };
		BF8582B419EC3C1500F1C19A /* Main.storyboard in Resources */ = {isa = PBXBuildFile; fileRef = BF8582B219EC3C1500F1C19A /* Main.storyboard */; };
		BF8582B619EC3C1500F1C19A /* Images.xcassets in Resources */ = {isa = PBXBuildFile; fileRef = BF8582B519EC3C1500F1C19A /* Images.xcassets */; };
		BF8582B919EC3C1500F1C19A /* LaunchScreen.xib in Resources */ = {isa = PBXBuildFile; fileRef = BF8582B719EC3C1500F1C19A /* LaunchScreen.xib */; };
		BF8582C519EC3C1600F1C19A /* Pipe_DreamTests.m in Sources */ = {isa = PBXBuildFile; fileRef = BF8582C419EC3C1600F1C19A /* Pipe_DreamTests.m */; };
/* End PBXBuildFile section */

/* Begin PBXContainerItemProxy section */
		BF8582BF19EC3C1600F1C19A /* PBXContainerItemProxy */ = {
			isa = PBXContainerItemProxy;
			containerPortal = BF85829D19EC3C1500F1C19A /* Project object */;
			proxyType = 1;
			remoteGlobalIDString = BF8582A419EC3C1500F1C19A;
			remoteInfo = "Pipe Dream";
		};
/* End PBXContainerItemProxy section */

/* Begin PBXFileReference section */
		BF8582A519EC3C1500F1C19A /* Pipe Dream.app */ = {isa = PBXFileReference; explicitFileType = wrapper.application; includeInIndex = 0; path = "Pipe Dream.app"; sourceTree = BUILT_PRODUCTS_DIR; };
		BF8582A919EC3C1500F1C19A /* Info.plist */ = {isa = PBXFileReference; lastKnownFileType = text.plist.xml; path = Info.plist; sourceTree = "<group>"; };
		BF8582AA19EC3C1500F1C19A /* main.m */ = {isa = PBXFileReference; lastKnownFileType = sourcecode.c.objc; path = main.m; sourceTree = "<group>"; };
		BF8582AC19EC3C1500F1C19A /* AppDelegate.h */ = {isa = PBXFileReference; lastKnownFileType = sourcecode.c.h; path = AppDelegate.h; sourceTree = "<group>"; };
		BF8582AD19EC3C1500F1C19A /* AppDelegate.m */ = {isa = PBXFileReference; lastKnownFileType = sourcecode.c.objc; path = AppDelegate.m; sourceTree = "<group>"; };
		BF8582AF19EC3C1500F1C19A /* ViewController.h */ = {isa = PBXFileReference; lastKnownFileType = sourcecode.c.h; path = ViewController.h; sourceTree = "<group>"; };
		BF8582B019EC3C1500F1C19A /* ViewController.m */ = {isa = PBXFileReference; lastKnownFileType = sourcecode.c.objc; path = ViewController.m; sourceTree = "<group>"; };
		BF8582B319EC3C1500F1C19A /* Base */ = {isa = PBXFileReference; lastKnownFileType = file.storyboard; name = Base; path = Base.lproj/Main.storyboard; sourceTree = "<group>"; };
		BF8582B519EC3C1500F1C19A /* Images.xcassets */ = {isa = PBXFileReference; lastKnownFileType = folder.assetcatalog; path = Images.xcassets; sourceTree = "<group>"; };
		BF8582B819EC3C1500F1C19A /* Base */ = {isa = PBXFileReference; lastKnownFileType = file.xib; name = Base; path = Base.lproj/LaunchScreen.xib; sourceTree = "<group>"; };
		BF8582BE19EC3C1600F1C19A /* Pipe DreamTests.xctest */ = {isa = PBXFileReference; explicitFileType = wrapper.cfbundle; includeInIndex = 0; path = "Pipe DreamTests.xctest"; sourceTree = BUILT_PRODUCTS_DIR; };
		BF8582C319EC3C1600F1C19A /* Info.plist */ = {isa = PBXFileReference; lastKnownFileType = text.plist.xml; path = Info.plist; sourceTree = "<group>"; };
		BF8582C419EC3C1600F1C19A /* Pipe_DreamTests.m */ = {isa = PBXFileReference; lastKnownFileType = sourcecode.c.objc; path = Pipe_DreamTests.m; sourceTree = "<group>"; };
/* End PBXFileReference section */

/* Begin PBXFrameworksBuildPhase section */
		BF8582A219EC3C1500F1C19A /* Frameworks */ = {
			isa = PBXFrameworksBuildPhase;
			buildActionMask = 2147483647;
			files = (
			);
			runOnlyForDeploymentPostprocessing = 0;
		};
		BF8582BB19EC3C1600F1C19A /* Frameworks */ = {
			isa = PBXFrameworksBuildPhase;
			buildActionMask = 2147483647;
			files = (
			);
			runOnlyForDeploymentPostprocessing = 0;
		};
/* End PBXFrameworksBuildPhase section */

/* Begin PBXGroup section */
		BF85829C19EC3C1500F1C19A = {
			isa = PBXGroup;
			children = (
				BF8582A719EC3C1500F1C19A /* Pipe Dream */,
				BF8582C119EC3C1600F1C19A /* Pipe DreamTests */,
				BF8582A619EC3C1500F1C19A /* Products */,
			);
			sourceTree = "<group>";
		};
		BF8582A619EC3C1500F1C19A /* Products */ = {
			isa = PBXGroup;
			children = (
				BF8582A519EC3C1500F1C19A /* Pipe Dream.app */,
				BF8582BE19EC3C1600F1C19A /* Pipe DreamTests.xctest */,
			);
			name = Products;
			sourceTree = "<group>";
		};
		BF8582A719EC3C1500F1C19A /* Pipe Dream */ = {
			isa = PBXGroup;
			children = (
				BF8582AC19EC3C1500F1C19A /* AppDelegate.h */,
				BF8582AD19EC3C1500F1C19A /* AppDelegate.m */,
				BF8582AF19EC3C1500F1C19A /* ViewController.h */,
				BF8582B019EC3C1500F1C19A /* ViewController.m */,
				BF8582B219EC3C1500F1C19A /* Main.storyboard */,
				BF8582B519EC3C1500F1C19A /* Images.xcassets */,
				BF8582B719EC3C1500F1C19A /* LaunchScreen.xib */,
				BF8582A819EC3C1500F1C19A /* Supporting Files */,
			);
			path = "Pipe Dream";
			sourceTree = "<group>";
		};
		BF8582A819EC3C1500F1C19A /* Supporting Files */ = {
			isa = PBXGroup;
			children = (
				BF8582A919EC3C1500F1C19A /* Info.plist */,
				BF8582AA19EC3C1500F1C19A /* main.m */,
			);
			name = "Supporting Files";
			sourceTree = "<group>";
		};
		BF8582C119EC3C1600F1C19A /* Pipe DreamTests */ = {
			isa = PBXGroup;
			children = (
				BF8582C419EC3C1600F1C19A /* Pipe_DreamTests.m */,
				BF8582C219EC3C1600F1C19A /* Supporting Files */,
			);
			path = "Pipe DreamTests";
			sourceTree = "<group>";
		};
		BF8582C219EC3C1600F1C19A /* Supporting Files */ = {
			isa = PBXGroup;
			children = (
				BF8582C319EC3C1600F1C19A /* Info.plist */,
			);
			name = "Supporting Files";
			sourceTree = "<group>";
		};
/* End PBXGroup section */

/* Begin PBXNativeTarget section */
		BF8582A419EC3C1500F1C19A /* Pipe Dream */ = {
			isa = PBXNativeTarget;
			buildConfigurationList = BF8582C819EC3C1600F1C19A /* Build configuration list for PBXNativeTarget "Pipe Dream" */;
			buildPhases = (
				BF8582A119EC3C1500F1C19A /* Sources */,
				BF8582A219EC3C1500F1C19A /* Frameworks */,
				BF8582A319EC3C1500F1C19A /* Resources */,
			);
			buildRules = (
			);
			dependencies = (
			);
			name = "Pipe Dream";
			productName = "Pipe Dream";
			productReference = BF8582A519EC3C1500F1C19A /* Pipe Dream.app */;
			productType = "com.apple.product-type.application";
		};
		BF8582BD19EC3C1600F1C19A /* Pipe DreamTests */ = {
			isa = PBXNativeTarget;
			buildConfigurationList = BF8582CB19EC3C1600F1C19A /* Build configuration list for PBXNativeTarget "Pipe DreamTests" */;
			buildPhases = (
				BF8582BA19EC3C1600F1C19A /* Sources */,
				BF8582BB19EC3C1600F1C19A /* Frameworks */,
				BF8582BC19EC3C1600F1C19A /* Resources */,
			);
			buildRules = (
			);
			dependencies = (
				BF8582C019EC3C1600F1C19A /* PBXTargetDependency */,
			);
			name = "Pipe DreamTests";
			productName = "Pipe DreamTests";
			productReference = BF8582BE19EC3C1600F1C19A /* Pipe DreamTests.xctest */;
			productType = "com.apple.product-type.bundle.unit-test";
		};
/* End PBXNativeTarget section */

/* Begin PBXProject section */
		BF85829D19EC3C1500F1C19A /* Project object */ = {
			isa = PBXProject;
			attributes = {
				LastUpgradeCheck = 0600;
				ORGANIZATIONNAME = "Flapjack Stack Hack";
				TargetAttributes = {
					BF8582A419EC3C1500F1C19A = {
						CreatedOnToolsVersion = 6.0;
					};
					BF8582BD19EC3C1600F1C19A = {
						CreatedOnToolsVersion = 6.0;
						TestTargetID = BF8582A419EC3C1500F1C19A;
					};
				};
			};
			buildConfigurationList = BF8582A019EC3C1500F1C19A /* Build configuration list for PBXProject "Pipe Dream" */;
			compatibilityVersion = "Xcode 3.2";
			developmentRegion = English;
			hasScannedForEncodings = 0;
			knownRegions = (
				en,
				Base,
			);
			mainGroup = BF85829C19EC3C1500F1C19A;
			productRefGroup = BF8582A619EC3C1500F1C19A /* Products */;
			projectDirPath = "";
			projectRoot = "";
			targets = (
				BF8582A419EC3C1500F1C19A /* Pipe Dream */,
				BF8582BD19EC3C1600F1C19A /* Pipe DreamTests */,
			);
		};
/* End PBXProject section */

/* Begin PBXResourcesBuildPhase section */
		BF8582A319EC3C1500F1C19A /* Resources */ = {
			isa = PBXResourcesBuildPhase;
			buildActionMask = 2147483647;
			files = (
				BF8582B419EC3C1500F1C19A /* Main.storyboard in Resources */,
				BF8582B919EC3C1500F1C19A /* LaunchScreen.xib in Resources */,
				BF8582B619EC3C1500F1C19A /* Images.xcassets in Resources */,
			);
			runOnlyForDeploymentPostprocessing = 0;
		};
		BF8582BC19EC3C1600F1C19A /* Resources */ = {
			isa = PBXResourcesBuildPhase;
			buildActionMask = 2147483647;
			files = (
			);
			runOnlyForDeploymentPostprocessing = 0;
		};
/* End PBXResourcesBuildPhase section */

/* Begin PBXSourcesBuildPhase section */
		BF8582A119EC3C1500F1C19A /* Sources */ = {
			isa = PBXSourcesBuildPhase;
			buildActionMask = 2147483647;
			files = (
				BF8582B119EC3C1500F1C19A /* ViewController.m in Sources */,
				BF8582AE19EC3C1500F1C19A /* AppDelegate.m in Sources */,
				BF8582AB19EC3C1500F1C19A /* main.m in Sources */,
			);
			runOnlyForDeploymentPostprocessing = 0;
		};
		BF8582BA19EC3C1600F1C19A /* Sources */ = {
			isa = PBXSourcesBuildPhase;
			buildActionMask = 2147483647;
			files = (
				BF8582C519EC3C1600F1C19A /* Pipe_DreamTests.m in Sources */,
			);
			runOnlyForDeploymentPostprocessing = 0;
		};
/* End PBXSourcesBuildPhase section */

/* Begin PBXTargetDependency section */
		BF8582C019EC3C1600F1C19A /* PBXTargetDependency */ = {
			isa = PBXTargetDependency;
			target = BF8582A419EC3C1500F1C19A /* Pipe Dream */;
			targetProxy = BF8582BF19EC3C1600F1C19A /* PBXContainerItemProxy */;
		};
/* End PBXTargetDependency section */

/* Begin PBXVariantGroup section */
		BF8582B219EC3C1500F1C19A /* Main.storyboard */ = {
			isa = PBXVariantGroup;
			children = (
				BF8582B319EC3C1500F1C19A /* Base */,
			);
			name = Main.storyboard;
			sourceTree = "<group>";
		};
		BF8582B719EC3C1500F1C19A /* LaunchScreen.xib */ = {
			isa = PBXVariantGroup;
			children = (
				BF8582B819EC3C1500F1C19A /* Base */,
			);
			name = LaunchScreen.xib;
			sourceTree = "<group>";
		};
/* End PBXVariantGroup section */

/* Begin XCBuildConfiguration section */
		BF8582C619EC3C1600F1C19A /* Debug */ = {
			isa = XCBuildConfiguration;
			buildSettings = {
				ALWAYS_SEARCH_USER_PATHS = NO;
				CLANG_CXX_LANGUAGE_STANDARD = "gnu++0x";
				CLANG_CXX_LIBRARY = "libc++";
				CLANG_ENABLE_MODULES = YES;
				CLANG_ENABLE_OBJC_ARC = YES;
				CLANG_WARN_BOOL_CONVERSION = YES;
				CLANG_WARN_CONSTANT_CONVERSION = YES;
				CLANG_WARN_DIRECT_OBJC_ISA_USAGE = YES_ERROR;
				CLANG_WARN_EMPTY_BODY = YES;
				CLANG_WARN_ENUM_CONVERSION = YES;
				CLANG_WARN_INT_CONVERSION = YES;
				CLANG_WARN_OBJC_ROOT_CLASS = YES_ERROR;
				CLANG_WARN_UNREACHABLE_CODE = YES;
				CLANG_WARN__DUPLICATE_METHOD_MATCH = YES;
				"CODE_SIGN_IDENTITY[sdk=iphoneos*]" = "iPhone Developer";
				COPY_PHASE_STRIP = NO;
				ENABLE_STRICT_OBJC_MSGSEND = YES;
				GCC_C_LANGUAGE_STANDARD = gnu99;
				GCC_DYNAMIC_NO_PIC = NO;
				GCC_OPTIMIZATION_LEVEL = 0;
				GCC_PREPROCESSOR_DEFINITIONS = (
					"DEBUG=1",
					"$(inherited)",
				);
				GCC_SYMBOLS_PRIVATE_EXTERN = NO;
				GCC_WARN_64_TO_32_BIT_CONVERSION = YES;
				GCC_WARN_ABOUT_RETURN_TYPE = YES_ERROR;
				GCC_WARN_UNDECLARED_SELECTOR = YES;
				GCC_WARN_UNINITIALIZED_AUTOS = YES_AGGRESSIVE;
				GCC_WARN_UNUSED_FUNCTION = YES;
				GCC_WARN_UNUSED_VARIABLE = YES;
				IPHONEOS_DEPLOYMENT_TARGET = 8.0;
				MTL_ENABLE_DEBUG_INFO = YES;
				ONLY_ACTIVE_ARCH = YES;
				SDKROOT = iphoneos;
				TARGETED_DEVICE_FAMILY = 2;
			};
			name = Debug;
		};
		BF8582C719EC3C1600F1C19A /* Release */ = {
			isa = XCBuildConfiguration;
			buildSettings = {
				ALWAYS_SEARCH_USER_PATHS = NO;
				CLANG_CXX_LANGUAGE_STANDARD = "gnu++0x";
				CLANG_CXX_LIBRARY = "libc++";
				CLANG_ENABLE_MODULES = YES;
				CLANG_ENABLE_OBJC_ARC = YES;
				CLANG_WARN_BOOL_CONVERSION = YES;
				CLANG_WARN_CONSTANT_CONVERSION = YES;
				CLANG_WARN_DIRECT_OBJC_ISA_USAGE = YES_ERROR;
				CLANG_WARN_EMPTY_BODY = YES;
				CLANG_WARN_ENUM_CONVERSION = YES;
				CLANG_WARN_INT_CONVERSION = YES;
				CLANG_WARN_OBJC_ROOT_CLASS = YES_ERROR;
				CLANG_WARN_UNREACHABLE_CODE = YES;
				CLANG_WARN__DUPLICATE_METHOD_MATCH = YES;
				"CODE_SIGN_IDENTITY[sdk=iphoneos*]" = "iPhone Developer";
				COPY_PHASE_STRIP = YES;
				ENABLE_NS_ASSERTIONS = NO;
				ENABLE_STRICT_OBJC_MSGSEND = YES;
				GCC_C_LANGUAGE_STANDARD = gnu99;
				GCC_WARN_64_TO_32_BIT_CONVERSION = YES;
				GCC_WARN_ABOUT_RETURN_TYPE = YES_ERROR;
				GCC_WARN_UNDECLARED_SELECTOR = YES;
				GCC_WARN_UNINITIALIZED_AUTOS = YES_AGGRESSIVE;
				GCC_WARN_UNUSED_FUNCTION = YES;
				GCC_WARN_UNUSED_VARIABLE = YES;
				IPHONEOS_DEPLOYMENT_TARGET = 8.0;
				MTL_ENABLE_DEBUG_INFO = NO;
				SDKROOT = iphoneos;
				TARGETED_DEVICE_FAMILY = 2;
				VALIDATE_PRODUCT = YES;
			};
			name = Release;
		};
		BF8582C919EC3C1600F1C19A /* Debug */ = {
			isa = XCBuildConfiguration;
			buildSettings = {
				ASSETCATALOG_COMPILER_APPICON_NAME = AppIcon;
				INFOPLIST_FILE = "Pipe Dream/Info.plist";
				LD_RUNPATH_SEARCH_PATHS = "$(inherited) @executable_path/Frameworks";
				PRODUCT_NAME = "$(TARGET_NAME)";
			};
			name = Debug;
		};
		BF8582CA19EC3C1600F1C19A /* Release */ = {
			isa = XCBuildConfiguration;
			buildSettings = {
				ASSETCATALOG_COMPILER_APPICON_NAME = AppIcon;
				INFOPLIST_FILE = "Pipe Dream/Info.plist";
				LD_RUNPATH_SEARCH_PATHS = "$(inherited) @executable_path/Frameworks";
				PRODUCT_NAME = "$(TARGET_NAME)";
			};
			name = Release;
		};
		BF8582CC19EC3C1600F1C19A /* Debug */ = {
			isa = XCBuildConfiguration;
			buildSettings = {
				BUNDLE_LOADER = "$(TEST_HOST)";
				FRAMEWORK_SEARCH_PATHS = (
					"$(SDKROOT)/Developer/Library/Frameworks",
					"$(inherited)",
				);
				GCC_PREPROCESSOR_DEFINITIONS = (
					"DEBUG=1",
					"$(inherited)",
				);
				INFOPLIST_FILE = "Pipe DreamTests/Info.plist";
				LD_RUNPATH_SEARCH_PATHS = "$(inherited) @executable_path/Frameworks @loader_path/Frameworks";
				PRODUCT_NAME = "$(TARGET_NAME)";
				TEST_HOST = "$(BUILT_PRODUCTS_DIR)/Pipe Dream.app/Pipe Dream";
			};
			name = Debug;
		};
		BF8582CD19EC3C1600F1C19A /* Release */ = {
			isa = XCBuildConfiguration;
			buildSettings = {
				BUNDLE_LOADER = "$(TEST_HOST)";
				FRAMEWORK_SEARCH_PATHS = (
					"$(SDKROOT)/Developer/Library/Frameworks",
					"$(inherited)",
				);
				INFOPLIST_FILE = "Pipe DreamTests/Info.plist";
				LD_RUNPATH_SEARCH_PATHS = "$(inherited) @executable_path/Frameworks @loader_path/Frameworks";
				PRODUCT_NAME = "$(TARGET_NAME)";
				TEST_HOST = "$(BUILT_PRODUCTS_DIR)/Pipe Dream.app/Pipe Dream";
			};
			name = Release;
		};
/* End XCBuildConfiguration section */

/* Begin XCConfigurationList section */
		BF8582A019EC3C1500F1C19A /* Build configuration list for PBXProject "Pipe Dream" */ = {
			isa = XCConfigurationList;
			buildConfigurations = (
				BF8582C619EC3C1600F1C19A /* Debug */,
				BF8582C719EC3C1600F1C19A /* Release */,
			);
			defaultConfigurationIsVisible = 0;
			defaultConfigurationName = Release;
		};
		BF8582C819EC3C1600F1C19A /* Build configuration list for PBXNativeTarget "Pipe Dream" */ = {
			isa = XCConfigurationList;
			buildConfigurations = (
				BF8582C919EC3C1600F1C19A /* Debug */,
				BF8582CA19EC3C1600F1C19A /* Release */,
			);
			defaultConfigurationIsVisible = 0;
		};
		BF8582CB19EC3C1600F1C19A /* Build configuration list for PBXNativeTarget "Pipe DreamTests" */ = {
			isa = XCConfigurationList;
			buildConfigurations = (
				BF8582CC19EC3C1600F1C19A /* Debug */,
				BF8582CD19EC3C1600F1C19A /* Release */,
			);
			defaultConfigurationIsVisible = 0;
		};
/* End XCConfigurationList section */
	};
	rootObject = BF85829D19EC3C1500F1C19A /* Project object */;
}
