// !$*UTF8*$!
{
	archiveVersion = 1;
	classes = {
	};
	objectVersion = 46;
	objects = {

/* Begin PBXBuildFile section */
		0F13C6031A34D9830079D9D4 /* PDInstructionsViewController.m in Sources */ = {isa = PBXBuildFile; fileRef = 0F13C6021A34D9830079D9D4 /* PDInstructionsViewController.m */; };
		0FFF54131A2A5E0300CF337D /* PDCreditsViewController.m in Sources */ = {isa = PBXBuildFile; fileRef = 0FFF54121A2A5E0300CF337D /* PDCreditsViewController.m */; };
		2994C49119F45C6F00A11183 /* PDQueue.m in Sources */ = {isa = PBXBuildFile; fileRef = 2994C49019F45C6F00A11183 /* PDQueue.m */; };
		9301F1D91A2D65FC00DF3E03 /* PDPIDScenario.m in Sources */ = {isa = PBXBuildFile; fileRef = 9301F1D81A2D65FC00DF3E03 /* PDPIDScenario.m */; };
		93A0CA7C1A2C11A500577470 /* PDPIDdingMonstersViewController.m in Sources */ = {isa = PBXBuildFile; fileRef = 93A0CA7B1A2C11A500577470 /* PDPIDdingMonstersViewController.m */; };
		93A0CA7F1A2C11C600577470 /* PDPIDdingMonstersScene.m in Sources */ = {isa = PBXBuildFile; fileRef = 93A0CA7E1A2C11C600577470 /* PDPIDdingMonstersScene.m */; };
		93A3903F19F0DBB600D93EB1 /* PDOpenings.m in Sources */ = {isa = PBXBuildFile; fileRef = 93A3903E19F0DBB600D93EB1 /* PDOpenings.m */; };
		93A3904119F0E44A00D93EB1 /* grids.txt in Resources */ = {isa = PBXBuildFile; fileRef = 93A3904019F0E44A00D93EB1 /* grids.txt */; };
		93FCF92A1A194F98005CF687 /* PDEndOfLevelViewController.m in Sources */ = {isa = PBXBuildFile; fileRef = 93FCF9291A194F98005CF687 /* PDEndOfLevelViewController.m */; };
		AF1B3DCE1A19DE30002F62B6 /* 219068__annabloom__click2.wav in Resources */ = {isa = PBXBuildFile; fileRef = AF1B3DCD1A19DE30002F62B6 /* 219068__annabloom__click2.wav */; };
		AF1B3DD21A1B0CBC002F62B6 /* 84322__splashdust__flipcard.wav in Resources */ = {isa = PBXBuildFile; fileRef = AF1B3DD11A1B0CBC002F62B6 /* 84322__splashdust__flipcard.wav */; };
		AF1B3DD41A1B0D46002F62B6 /* 157609__qubodup__hollow-bang.wav in Resources */ = {isa = PBXBuildFile; fileRef = AF1B3DD31A1B0D46002F62B6 /* 157609__qubodup__hollow-bang.wav */; };
		AF1B3DD81A1B102C002F62B6 /* 140511__blackstalian__click-sfx7.wav in Resources */ = {isa = PBXBuildFile; fileRef = AF1B3DD71A1B102C002F62B6 /* 140511__blackstalian__click-sfx7.wav */; };
		AF1B3DDA1A1B10A9002F62B6 /* 583897_JBroadway---Over-Th.mp3 in Resources */ = {isa = PBXBuildFile; fileRef = AF1B3DD91A1B10A9002F62B6 /* 583897_JBroadway---Over-Th.mp3 */; };
		AF412EEF1A19CA6B00C34102 /* PDAudioManager.m in Sources */ = {isa = PBXBuildFile; fileRef = AF412EEE1A19CA6B00C34102 /* PDAudioManager.m */; };
		AFB232611A196EAB00EEC23E /* PDBounceAndSortViewController.m in Sources */ = {isa = PBXBuildFile; fileRef = AFB232601A196EAB00EEC23E /* PDBounceAndSortViewController.m */; };
		AFB232631A1974CB00EEC23E /* SpriteKit.framework in Frameworks */ = {isa = PBXBuildFile; fileRef = AFB232621A1974CB00EEC23E /* SpriteKit.framework */; };
		AFB232661A1976BA00EEC23E /* PDBounceAndSortScene.m in Sources */ = {isa = PBXBuildFile; fileRef = AFB232651A1976BA00EEC23E /* PDBounceAndSortScene.m */; };
		BF1BB4CC1A1B301E007B17A1 /* 240777__f4ngy__dealing-card-shortened.wav in Resources */ = {isa = PBXBuildFile; fileRef = BF1BB4CB1A1B301E007B17A1 /* 240777__f4ngy__dealing-card-shortened.wav */; };
		BF1BB4CE1A1B30D0007B17A1 /* 157790__soundcollectah__airpipe-swoosh-01-shortened.wav in Resources */ = {isa = PBXBuildFile; fileRef = BF1BB4CD1A1B30D0007B17A1 /* 157790__soundcollectah__airpipe-swoosh-01-shortened.wav */; };
		BF38D4FC1A391F2E003B0253 /* PDCellModelTests.m in Sources */ = {isa = PBXBuildFile; fileRef = BF38D4FB1A391F2E003B0253 /* PDCellModelTests.m */; };
		BF38D4FE1A39206C003B0253 /* PDGridGeneratorTests.m in Sources */ = {isa = PBXBuildFile; fileRef = BF38D4FD1A39206C003B0253 /* PDGridGeneratorTests.m */; };
		BF38D5001A392127003B0253 /* PDGridModelTests.m in Sources */ = {isa = PBXBuildFile; fileRef = BF38D4FF1A392127003B0253 /* PDGridModelTests.m */; };
		BF38D5021A392315003B0253 /* PDSpamViewControllerTests.m in Sources */ = {isa = PBXBuildFile; fileRef = BF38D5011A392315003B0253 /* PDSpamViewControllerTests.m */; };
		BF62562119EC93F0008175CC /* main.m in Sources */ = {isa = PBXBuildFile; fileRef = BF62562019EC93F0008175CC /* main.m */; };
		BF62562419EC93F0008175CC /* PDAppDelegate.m in Sources */ = {isa = PBXBuildFile; fileRef = BF62562319EC93F0008175CC /* PDAppDelegate.m */; };
		BF62562719EC93F0008175CC /* PDLevelViewController.m in Sources */ = {isa = PBXBuildFile; fileRef = BF62562619EC93F0008175CC /* PDLevelViewController.m */; };
		BF62562A19EC93F0008175CC /* Main.storyboard in Resources */ = {isa = PBXBuildFile; fileRef = BF62562819EC93F0008175CC /* Main.storyboard */; };
		BF62562C19EC93F0008175CC /* Images.xcassets in Resources */ = {isa = PBXBuildFile; fileRef = BF62562B19EC93F0008175CC /* Images.xcassets */; };
		BF62562F19EC93F0008175CC /* LaunchScreen.xib in Resources */ = {isa = PBXBuildFile; fileRef = BF62562D19EC93F0008175CC /* LaunchScreen.xib */; };
		BF62564619EC955B008175CC /* PDGridView.m in Sources */ = {isa = PBXBuildFile; fileRef = BF62564519EC955B008175CC /* PDGridView.m */; };
		BF62564919EC9571008175CC /* PDCellView.m in Sources */ = {isa = PBXBuildFile; fileRef = BF62564819EC9571008175CC /* PDCellView.m */; };
		BF62564C19EC957F008175CC /* PDGridModel.m in Sources */ = {isa = PBXBuildFile; fileRef = BF62564B19EC957F008175CC /* PDGridModel.m */; };
		BF62564F19EC9591008175CC /* PDCellModel.m in Sources */ = {isa = PBXBuildFile; fileRef = BF62564E19EC9591008175CC /* PDCellModel.m */; };
		BF62565219EC95A0008175CC /* PDGridGenerator.m in Sources */ = {isa = PBXBuildFile; fileRef = BF62565119EC95A0008175CC /* PDGridGenerator.m */; };
		BF6C66C31A08B821004C2D2E /* spams.txt in Resources */ = {isa = PBXBuildFile; fileRef = BF6C66C11A08B821004C2D2E /* spams.txt */; };
		BF80EB971A3545E700DDBA08 /* PDNarrativeViewController.m in Sources */ = {isa = PBXBuildFile; fileRef = BF80EB961A3545E700DDBA08 /* PDNarrativeViewController.m */; };
		BFA0C38D1A2DA9BA00652633 /* 51460__andre-rocha-nascimento__basket-ball-01-bounce.wav in Resources */ = {isa = PBXBuildFile; fileRef = BFA0C38A1A2DA9BA00652633 /* 51460__andre-rocha-nascimento__basket-ball-01-bounce.wav */; };
		BFA0C38E1A2DA9BA00652633 /* 106727__kantouth__cartoon-bing-low.wav in Resources */ = {isa = PBXBuildFile; fileRef = BFA0C38B1A2DA9BA00652633 /* 106727__kantouth__cartoon-bing-low.wav */; };
		BFA0C38F1A2DA9BA00652633 /* 166184__drminky__retro-coin-collect.wav in Resources */ = {isa = PBXBuildFile; fileRef = BFA0C38C1A2DA9BA00652633 /* 166184__drminky__retro-coin-collect.wav */; };
		BFC5A14A19F8985E000F186D /* PDLevelSelectionViewController.m in Sources */ = {isa = PBXBuildFile; fileRef = BFC5A14919F8985E000F186D /* PDLevelSelectionViewController.m */; };
		BFE35EC41A36A89100E98477 /* 146725__fins__laser.wav in Resources */ = {isa = PBXBuildFile; fileRef = BFE35EC31A36A89100E98477 /* 146725__fins__laser.wav */; };
		BFF9430C1A0376BA009FF758 /* PDSpamViewController.m in Sources */ = {isa = PBXBuildFile; fileRef = BFF9430B1A0376BA009FF758 /* PDSpamViewController.m */; };
		BFF943121A038271009FF758 /* PDMenuViewController.m in Sources */ = {isa = PBXBuildFile; fileRef = BFF943111A038271009FF758 /* PDMenuViewController.m */; };
/* End PBXBuildFile section */

/* Begin PBXContainerItemProxy section */
		BF62563519EC93F0008175CC /* PBXContainerItemProxy */ = {
			isa = PBXContainerItemProxy;
			containerPortal = BF62561319EC93F0008175CC /* Project object */;
			proxyType = 1;
			remoteGlobalIDString = BF62561A19EC93F0008175CC;
			remoteInfo = PipeDream;
		};
/* End PBXContainerItemProxy section */

/* Begin PBXFileReference section */
		0F13C6011A34D9830079D9D4 /* PDInstructionsViewController.h */ = {isa = PBXFileReference; fileEncoding = 4; lastKnownFileType = sourcecode.c.h; path = PDInstructionsViewController.h; sourceTree = "<group>"; };
		0F13C6021A34D9830079D9D4 /* PDInstructionsViewController.m */ = {isa = PBXFileReference; fileEncoding = 4; lastKnownFileType = sourcecode.c.objc; path = PDInstructionsViewController.m; sourceTree = "<group>"; };
		0FFF54111A2A5E0300CF337D /* PDCreditsViewController.h */ = {isa = PBXFileReference; fileEncoding = 4; lastKnownFileType = sourcecode.c.h; path = PDCreditsViewController.h; sourceTree = "<group>"; };
		0FFF54121A2A5E0300CF337D /* PDCreditsViewController.m */ = {isa = PBXFileReference; fileEncoding = 4; lastKnownFileType = sourcecode.c.objc; path = PDCreditsViewController.m; sourceTree = "<group>"; };
		2994C48F19F45C6F00A11183 /* PDQueue.h */ = {isa = PBXFileReference; fileEncoding = 4; lastKnownFileType = sourcecode.c.h; path = PDQueue.h; sourceTree = "<group>"; };
		2994C49019F45C6F00A11183 /* PDQueue.m */ = {isa = PBXFileReference; fileEncoding = 4; lastKnownFileType = sourcecode.c.objc; path = PDQueue.m; sourceTree = "<group>"; };
		9301F1D71A2D65FC00DF3E03 /* PDPIDScenario.h */ = {isa = PBXFileReference; fileEncoding = 4; lastKnownFileType = sourcecode.c.h; path = PDPIDScenario.h; sourceTree = "<group>"; };
		9301F1D81A2D65FC00DF3E03 /* PDPIDScenario.m */ = {isa = PBXFileReference; fileEncoding = 4; lastKnownFileType = sourcecode.c.objc; path = PDPIDScenario.m; sourceTree = "<group>"; };
		93A0CA7A1A2C11A500577470 /* PDPIDdingMonstersViewController.h */ = {isa = PBXFileReference; fileEncoding = 4; lastKnownFileType = sourcecode.c.h; path = PDPIDdingMonstersViewController.h; sourceTree = "<group>"; };
		93A0CA7B1A2C11A500577470 /* PDPIDdingMonstersViewController.m */ = {isa = PBXFileReference; fileEncoding = 4; lastKnownFileType = sourcecode.c.objc; path = PDPIDdingMonstersViewController.m; sourceTree = "<group>"; };
		93A0CA7D1A2C11C600577470 /* PDPIDdingMonstersScene.h */ = {isa = PBXFileReference; fileEncoding = 4; lastKnownFileType = sourcecode.c.h; path = PDPIDdingMonstersScene.h; sourceTree = "<group>"; };
		93A0CA7E1A2C11C600577470 /* PDPIDdingMonstersScene.m */ = {isa = PBXFileReference; fileEncoding = 4; lastKnownFileType = sourcecode.c.objc; path = PDPIDdingMonstersScene.m; sourceTree = "<group>"; };
		93A3903E19F0DBB600D93EB1 /* PDOpenings.m */ = {isa = PBXFileReference; fileEncoding = 4; lastKnownFileType = sourcecode.c.objc; path = PDOpenings.m; sourceTree = "<group>"; };
		93A3904019F0E44A00D93EB1 /* grids.txt */ = {isa = PBXFileReference; fileEncoding = 4; lastKnownFileType = text; path = grids.txt; sourceTree = "<group>"; };
		93FCF9281A194F98005CF687 /* PDEndOfLevelViewController.h */ = {isa = PBXFileReference; fileEncoding = 4; lastKnownFileType = sourcecode.c.h; path = PDEndOfLevelViewController.h; sourceTree = "<group>"; };
		93FCF9291A194F98005CF687 /* PDEndOfLevelViewController.m */ = {isa = PBXFileReference; fileEncoding = 4; lastKnownFileType = sourcecode.c.objc; path = PDEndOfLevelViewController.m; sourceTree = "<group>"; };
		AF1B3DCD1A19DE30002F62B6 /* 219068__annabloom__click2.wav */ = {isa = PBXFileReference; lastKnownFileType = audio.wav; path = 219068__annabloom__click2.wav; sourceTree = "<group>"; };
		AF1B3DD11A1B0CBC002F62B6 /* 84322__splashdust__flipcard.wav */ = {isa = PBXFileReference; lastKnownFileType = audio.wav; path = 84322__splashdust__flipcard.wav; sourceTree = "<group>"; };
		AF1B3DD31A1B0D46002F62B6 /* 157609__qubodup__hollow-bang.wav */ = {isa = PBXFileReference; lastKnownFileType = audio.wav; path = "157609__qubodup__hollow-bang.wav"; sourceTree = "<group>"; };
		AF1B3DD71A1B102C002F62B6 /* 140511__blackstalian__click-sfx7.wav */ = {isa = PBXFileReference; lastKnownFileType = audio.wav; path = "140511__blackstalian__click-sfx7.wav"; sourceTree = "<group>"; };
		AF1B3DD91A1B10A9002F62B6 /* 583897_JBroadway---Over-Th.mp3 */ = {isa = PBXFileReference; lastKnownFileType = audio.mp3; path = "583897_JBroadway---Over-Th.mp3"; sourceTree = "<group>"; };
		AF412EED1A19CA6B00C34102 /* PDAudioManager.h */ = {isa = PBXFileReference; fileEncoding = 4; lastKnownFileType = sourcecode.c.h; path = PDAudioManager.h; sourceTree = "<group>"; };
		AF412EEE1A19CA6B00C34102 /* PDAudioManager.m */ = {isa = PBXFileReference; fileEncoding = 4; lastKnownFileType = sourcecode.c.objc; path = PDAudioManager.m; sourceTree = "<group>"; };
		AFB2325F1A196EAB00EEC23E /* PDBounceAndSortViewController.h */ = {isa = PBXFileReference; fileEncoding = 4; lastKnownFileType = sourcecode.c.h; path = PDBounceAndSortViewController.h; sourceTree = "<group>"; };
		AFB232601A196EAB00EEC23E /* PDBounceAndSortViewController.m */ = {isa = PBXFileReference; fileEncoding = 4; lastKnownFileType = sourcecode.c.objc; path = PDBounceAndSortViewController.m; sourceTree = "<group>"; };
		AFB232621A1974CB00EEC23E /* SpriteKit.framework */ = {isa = PBXFileReference; lastKnownFileType = wrapper.framework; name = SpriteKit.framework; path = System/Library/Frameworks/SpriteKit.framework; sourceTree = SDKROOT; };
		AFB232641A1976BA00EEC23E /* PDBounceAndSortScene.h */ = {isa = PBXFileReference; fileEncoding = 4; lastKnownFileType = sourcecode.c.h; path = PDBounceAndSortScene.h; sourceTree = "<group>"; };
		AFB232651A1976BA00EEC23E /* PDBounceAndSortScene.m */ = {isa = PBXFileReference; fileEncoding = 4; lastKnownFileType = sourcecode.c.objc; path = PDBounceAndSortScene.m; sourceTree = "<group>"; };
		AFB232671A199BC900EEC23E /* PDMiniGameSceneEndDelegate.h */ = {isa = PBXFileReference; lastKnownFileType = sourcecode.c.h; path = PDMiniGameSceneEndDelegate.h; sourceTree = "<group>"; };
		BF00D25019F1DC2100DF2233 /* PDCellPressedDelegate.h */ = {isa = PBXFileReference; lastKnownFileType = sourcecode.c.h; path = PDCellPressedDelegate.h; sourceTree = "<group>"; };
		BF1BB4CB1A1B301E007B17A1 /* 240777__f4ngy__dealing-card-shortened.wav */ = {isa = PBXFileReference; lastKnownFileType = audio.wav; path = "240777__f4ngy__dealing-card-shortened.wav"; sourceTree = "<group>"; };
		BF1BB4CD1A1B30D0007B17A1 /* 157790__soundcollectah__airpipe-swoosh-01-shortened.wav */ = {isa = PBXFileReference; lastKnownFileType = audio.wav; path = "157790__soundcollectah__airpipe-swoosh-01-shortened.wav"; sourceTree = "<group>"; };
		BF38D4FB1A391F2E003B0253 /* PDCellModelTests.m */ = {isa = PBXFileReference; fileEncoding = 4; lastKnownFileType = sourcecode.c.objc; path = PDCellModelTests.m; sourceTree = "<group>"; };
		BF38D4FD1A39206C003B0253 /* PDGridGeneratorTests.m */ = {isa = PBXFileReference; fileEncoding = 4; lastKnownFileType = sourcecode.c.objc; path = PDGridGeneratorTests.m; sourceTree = "<group>"; };
		BF38D4FF1A392127003B0253 /* PDGridModelTests.m */ = {isa = PBXFileReference; fileEncoding = 4; lastKnownFileType = sourcecode.c.objc; path = PDGridModelTests.m; sourceTree = "<group>"; };
		BF38D5011A392315003B0253 /* PDSpamViewControllerTests.m */ = {isa = PBXFileReference; fileEncoding = 4; lastKnownFileType = sourcecode.c.objc; path = PDSpamViewControllerTests.m; sourceTree = "<group>"; };
		BF53EF4019F0A63A004BA422 /* PDOpenings.h */ = {isa = PBXFileReference; lastKnownFileType = sourcecode.c.h; path = PDOpenings.h; sourceTree = "<group>"; };
		BF62561B19EC93F0008175CC /* PipeDream.app */ = {isa = PBXFileReference; explicitFileType = wrapper.application; includeInIndex = 0; path = PipeDream.app; sourceTree = BUILT_PRODUCTS_DIR; };
		BF62561F19EC93F0008175CC /* Info.plist */ = {isa = PBXFileReference; lastKnownFileType = text.plist.xml; path = Info.plist; sourceTree = "<group>"; };
		BF62562019EC93F0008175CC /* main.m */ = {isa = PBXFileReference; lastKnownFileType = sourcecode.c.objc; path = main.m; sourceTree = "<group>"; };
		BF62562219EC93F0008175CC /* PDAppDelegate.h */ = {isa = PBXFileReference; lastKnownFileType = sourcecode.c.h; path = PDAppDelegate.h; sourceTree = "<group>"; };
		BF62562319EC93F0008175CC /* PDAppDelegate.m */ = {isa = PBXFileReference; lastKnownFileType = sourcecode.c.objc; path = PDAppDelegate.m; sourceTree = "<group>"; };
		BF62562519EC93F0008175CC /* PDLevelViewController.h */ = {isa = PBXFileReference; lastKnownFileType = sourcecode.c.h; path = PDLevelViewController.h; sourceTree = "<group>"; };
		BF62562619EC93F0008175CC /* PDLevelViewController.m */ = {isa = PBXFileReference; lastKnownFileType = sourcecode.c.objc; path = PDLevelViewController.m; sourceTree = "<group>"; };
		BF62562919EC93F0008175CC /* Base */ = {isa = PBXFileReference; lastKnownFileType = file.storyboard; name = Base; path = Base.lproj/Main.storyboard; sourceTree = "<group>"; };
		BF62562B19EC93F0008175CC /* Images.xcassets */ = {isa = PBXFileReference; lastKnownFileType = folder.assetcatalog; path = Images.xcassets; sourceTree = "<group>"; };
		BF62562E19EC93F0008175CC /* Base */ = {isa = PBXFileReference; lastKnownFileType = file.xib; name = Base; path = Base.lproj/LaunchScreen.xib; sourceTree = "<group>"; };
		BF62563419EC93F0008175CC /* PipeDreamTests.xctest */ = {isa = PBXFileReference; explicitFileType = wrapper.cfbundle; includeInIndex = 0; path = PipeDreamTests.xctest; sourceTree = BUILT_PRODUCTS_DIR; };
		BF62563919EC93F0008175CC /* Info.plist */ = {isa = PBXFileReference; lastKnownFileType = text.plist.xml; path = Info.plist; sourceTree = "<group>"; };
		BF62564419EC955B008175CC /* PDGridView.h */ = {isa = PBXFileReference; fileEncoding = 4; lastKnownFileType = sourcecode.c.h; path = PDGridView.h; sourceTree = "<group>"; };
		BF62564519EC955B008175CC /* PDGridView.m */ = {isa = PBXFileReference; fileEncoding = 4; lastKnownFileType = sourcecode.c.objc; path = PDGridView.m; sourceTree = "<group>"; };
		BF62564719EC9571008175CC /* PDCellView.h */ = {isa = PBXFileReference; fileEncoding = 4; lastKnownFileType = sourcecode.c.h; path = PDCellView.h; sourceTree = "<group>"; };
		BF62564819EC9571008175CC /* PDCellView.m */ = {isa = PBXFileReference; fileEncoding = 4; lastKnownFileType = sourcecode.c.objc; path = PDCellView.m; sourceTree = "<group>"; };
		BF62564A19EC957F008175CC /* PDGridModel.h */ = {isa = PBXFileReference; fileEncoding = 4; lastKnownFileType = sourcecode.c.h; path = PDGridModel.h; sourceTree = "<group>"; };
		BF62564B19EC957F008175CC /* PDGridModel.m */ = {isa = PBXFileReference; fileEncoding = 4; lastKnownFileType = sourcecode.c.objc; path = PDGridModel.m; sourceTree = "<group>"; };
		BF62564D19EC9591008175CC /* PDCellModel.h */ = {isa = PBXFileReference; fileEncoding = 4; lastKnownFileType = sourcecode.c.h; path = PDCellModel.h; sourceTree = "<group>"; };
		BF62564E19EC9591008175CC /* PDCellModel.m */ = {isa = PBXFileReference; fileEncoding = 4; lastKnownFileType = sourcecode.c.objc; path = PDCellModel.m; sourceTree = "<group>"; };
		BF62565019EC95A0008175CC /* PDGridGenerator.h */ = {isa = PBXFileReference; fileEncoding = 4; lastKnownFileType = sourcecode.c.h; path = PDGridGenerator.h; sourceTree = "<group>"; };
		BF62565119EC95A0008175CC /* PDGridGenerator.m */ = {isa = PBXFileReference; fileEncoding = 4; lastKnownFileType = sourcecode.c.objc; path = PDGridGenerator.m; sourceTree = "<group>"; };
		BF6C66C11A08B821004C2D2E /* spams.txt */ = {isa = PBXFileReference; fileEncoding = 4; lastKnownFileType = text; path = spams.txt; sourceTree = "<group>"; };
		BF80EB951A3545E700DDBA08 /* PDNarrativeViewController.h */ = {isa = PBXFileReference; fileEncoding = 4; lastKnownFileType = sourcecode.c.h; path = PDNarrativeViewController.h; sourceTree = "<group>"; };
		BF80EB961A3545E700DDBA08 /* PDNarrativeViewController.m */ = {isa = PBXFileReference; fileEncoding = 4; lastKnownFileType = sourcecode.c.objc; path = PDNarrativeViewController.m; sourceTree = "<group>"; };
		BFA0C38A1A2DA9BA00652633 /* 51460__andre-rocha-nascimento__basket-ball-01-bounce.wav */ = {isa = PBXFileReference; lastKnownFileType = audio.wav; path = "51460__andre-rocha-nascimento__basket-ball-01-bounce.wav"; sourceTree = "<group>"; };
		BFA0C38B1A2DA9BA00652633 /* 106727__kantouth__cartoon-bing-low.wav */ = {isa = PBXFileReference; lastKnownFileType = audio.wav; path = "106727__kantouth__cartoon-bing-low.wav"; sourceTree = "<group>"; };
		BFA0C38C1A2DA9BA00652633 /* 166184__drminky__retro-coin-collect.wav */ = {isa = PBXFileReference; lastKnownFileType = audio.wav; path = "166184__drminky__retro-coin-collect.wav"; sourceTree = "<group>"; };
		BFC5A14819F8985E000F186D /* PDLevelSelectionViewController.h */ = {isa = PBXFileReference; fileEncoding = 4; lastKnownFileType = sourcecode.c.h; path = PDLevelSelectionViewController.h; sourceTree = "<group>"; };
		BFC5A14919F8985E000F186D /* PDLevelSelectionViewController.m */ = {isa = PBXFileReference; fileEncoding = 4; lastKnownFileType = sourcecode.c.objc; path = PDLevelSelectionViewController.m; sourceTree = "<group>"; };
		BFE35EC31A36A89100E98477 /* 146725__fins__laser.wav */ = {isa = PBXFileReference; lastKnownFileType = audio.wav; path = 146725__fins__laser.wav; sourceTree = "<group>"; };
		BFF943091A0374C2009FF758 /* PDMiniGameProtocol.h */ = {isa = PBXFileReference; lastKnownFileType = sourcecode.c.h; path = PDMiniGameProtocol.h; sourceTree = "<group>"; };
		BFF9430A1A0376BA009FF758 /* PDSpamViewController.h */ = {isa = PBXFileReference; fileEncoding = 4; lastKnownFileType = sourcecode.c.h; path = PDSpamViewController.h; sourceTree = "<group>"; };
		BFF9430B1A0376BA009FF758 /* PDSpamViewController.m */ = {isa = PBXFileReference; fileEncoding = 4; lastKnownFileType = sourcecode.c.objc; path = PDSpamViewController.m; sourceTree = "<group>"; };
		BFF943101A038271009FF758 /* PDMenuViewController.h */ = {isa = PBXFileReference; fileEncoding = 4; lastKnownFileType = sourcecode.c.h; path = PDMenuViewController.h; sourceTree = "<group>"; };
		BFF943111A038271009FF758 /* PDMenuViewController.m */ = {isa = PBXFileReference; fileEncoding = 4; lastKnownFileType = sourcecode.c.objc; path = PDMenuViewController.m; sourceTree = "<group>"; };
/* End PBXFileReference section */

/* Begin PBXFrameworksBuildPhase section */
		BF62561819EC93F0008175CC /* Frameworks */ = {
			isa = PBXFrameworksBuildPhase;
			buildActionMask = 2147483647;
			files = (
				AFB232631A1974CB00EEC23E /* SpriteKit.framework in Frameworks */,
			);
			runOnlyForDeploymentPostprocessing = 0;
		};
		BF62563119EC93F0008175CC /* Frameworks */ = {
			isa = PBXFrameworksBuildPhase;
			buildActionMask = 2147483647;
			files = (
			);
			runOnlyForDeploymentPostprocessing = 0;
		};
/* End PBXFrameworksBuildPhase section */

/* Begin PBXGroup section */
		930F53E01A391A1600D42B02 /* Mini Games */ = {
			isa = PBXGroup;
			children = (
				AFB232671A199BC900EEC23E /* PDMiniGameSceneEndDelegate.h */,
				BFF943091A0374C2009FF758 /* PDMiniGameProtocol.h */,
				930F53E31A391A6C00D42B02 /* Bounce and Sort */,
				930F53E21A391A6000D42B02 /* Spam or Not Spam */,
				930F53E11A391A4800D42B02 /* PIDding Monsters */,
			);
			name = "Mini Games";
			sourceTree = "<group>";
		};
		930F53E11A391A4800D42B02 /* PIDding Monsters */ = {
			isa = PBXGroup;
			children = (
				93A0CA7A1A2C11A500577470 /* PDPIDdingMonstersViewController.h */,
				93A0CA7B1A2C11A500577470 /* PDPIDdingMonstersViewController.m */,
				93A0CA7D1A2C11C600577470 /* PDPIDdingMonstersScene.h */,
				93A0CA7E1A2C11C600577470 /* PDPIDdingMonstersScene.m */,
				9301F1D71A2D65FC00DF3E03 /* PDPIDScenario.h */,
				9301F1D81A2D65FC00DF3E03 /* PDPIDScenario.m */,
			);
			name = "PIDding Monsters";
			sourceTree = "<group>";
		};
		930F53E21A391A6000D42B02 /* Spam or Not Spam */ = {
			isa = PBXGroup;
			children = (
				BFF9430A1A0376BA009FF758 /* PDSpamViewController.h */,
				BFF9430B1A0376BA009FF758 /* PDSpamViewController.m */,
			);
			name = "Spam or Not Spam";
			sourceTree = "<group>";
		};
		930F53E31A391A6C00D42B02 /* Bounce and Sort */ = {
			isa = PBXGroup;
			children = (
				AFB2325F1A196EAB00EEC23E /* PDBounceAndSortViewController.h */,
				AFB232601A196EAB00EEC23E /* PDBounceAndSortViewController.m */,
				AFB232641A1976BA00EEC23E /* PDBounceAndSortScene.h */,
				AFB232651A1976BA00EEC23E /* PDBounceAndSortScene.m */,
			);
			name = "Bounce and Sort";
			sourceTree = "<group>";
		};
		930F53E41A391AE600D42B02 /* Menus */ = {
			isa = PBXGroup;
			children = (
				BFF943101A038271009FF758 /* PDMenuViewController.h */,
				BFF943111A038271009FF758 /* PDMenuViewController.m */,
				0FFF54111A2A5E0300CF337D /* PDCreditsViewController.h */,
				0FFF54121A2A5E0300CF337D /* PDCreditsViewController.m */,
				0F13C6011A34D9830079D9D4 /* PDInstructionsViewController.h */,
				0F13C6021A34D9830079D9D4 /* PDInstructionsViewController.m */,
				BFC5A14819F8985E000F186D /* PDLevelSelectionViewController.h */,
				BFC5A14919F8985E000F186D /* PDLevelSelectionViewController.m */,
			);
			name = Menus;
			sourceTree = "<group>";
		};
		930F53E51A391B1600D42B02 /* Level */ = {
			isa = PBXGroup;
			children = (
				930F53E01A391A1600D42B02 /* Mini Games */,
				2994C48F19F45C6F00A11183 /* PDQueue.h */,
				2994C49019F45C6F00A11183 /* PDQueue.m */,
				BF62562519EC93F0008175CC /* PDLevelViewController.h */,
				BF62562619EC93F0008175CC /* PDLevelViewController.m */,
				93FCF9281A194F98005CF687 /* PDEndOfLevelViewController.h */,
				93FCF9291A194F98005CF687 /* PDEndOfLevelViewController.m */,
				BF80EB951A3545E700DDBA08 /* PDNarrativeViewController.h */,
				BF80EB961A3545E700DDBA08 /* PDNarrativeViewController.m */,
				BF62564419EC955B008175CC /* PDGridView.h */,
				BF62564519EC955B008175CC /* PDGridView.m */,
				BF62564719EC9571008175CC /* PDCellView.h */,
				BF62564819EC9571008175CC /* PDCellView.m */,
				BF62564A19EC957F008175CC /* PDGridModel.h */,
				BF62564B19EC957F008175CC /* PDGridModel.m */,
				BF62564D19EC9591008175CC /* PDCellModel.h */,
				BF62564E19EC9591008175CC /* PDCellModel.m */,
				BF62565019EC95A0008175CC /* PDGridGenerator.h */,
				BF62565119EC95A0008175CC /* PDGridGenerator.m */,
				BF53EF4019F0A63A004BA422 /* PDOpenings.h */,
				93A3903E19F0DBB600D93EB1 /* PDOpenings.m */,
				BF00D25019F1DC2100DF2233 /* PDCellPressedDelegate.h */,
			);
			name = Level;
			sourceTree = "<group>";
		};
		930F53E61A391B6200D42B02 /* Resources */ = {
			isa = PBXGroup;
			children = (
				AF1B3DCA1A19DDFC002F62B6 /* Sounds */,
				93A3904019F0E44A00D93EB1 /* grids.txt */,
				BF6C66C11A08B821004C2D2E /* spams.txt */,
			);
			name = Resources;
			sourceTree = "<group>";
		};
		930F53E71A391C7A00D42B02 /* Application */ = {
			isa = PBXGroup;
			children = (
				BF62562219EC93F0008175CC /* PDAppDelegate.h */,
				BF62562319EC93F0008175CC /* PDAppDelegate.m */,
			);
			name = Application;
			sourceTree = "<group>";
		};
		930F53E81A391CA000D42B02 /* Utilities */ = {
			isa = PBXGroup;
			children = (
				AF412EED1A19CA6B00C34102 /* PDAudioManager.h */,
				AF412EEE1A19CA6B00C34102 /* PDAudioManager.m */,
			);
			name = Utilities;
			sourceTree = "<group>";
		};
		AF1B3DCA1A19DDFC002F62B6 /* Sounds */ = {
			isa = PBXGroup;
			children = (
				AF1B3DCC1A19DE1F002F62B6 /* Music */,
				AF1B3DCB1A19DE15002F62B6 /* Sound Effects */,
			);
			name = Sounds;
			sourceTree = "<group>";
		};
		AF1B3DCB1A19DE15002F62B6 /* Sound Effects */ = {
			isa = PBXGroup;
			children = (
				BFE35EC31A36A89100E98477 /* 146725__fins__laser.wav */,
				BFA0C38A1A2DA9BA00652633 /* 51460__andre-rocha-nascimento__basket-ball-01-bounce.wav */,
				BFA0C38B1A2DA9BA00652633 /* 106727__kantouth__cartoon-bing-low.wav */,
				BFA0C38C1A2DA9BA00652633 /* 166184__drminky__retro-coin-collect.wav */,
				BF1BB4CD1A1B30D0007B17A1 /* 157790__soundcollectah__airpipe-swoosh-01-shortened.wav */,
				BF1BB4CB1A1B301E007B17A1 /* 240777__f4ngy__dealing-card-shortened.wav */,
				AF1B3DD11A1B0CBC002F62B6 /* 84322__splashdust__flipcard.wav */,
				AF1B3DCD1A19DE30002F62B6 /* 219068__annabloom__click2.wav */,
				AF1B3DD31A1B0D46002F62B6 /* 157609__qubodup__hollow-bang.wav */,
				AF1B3DD71A1B102C002F62B6 /* 140511__blackstalian__click-sfx7.wav */,
			);
			name = "Sound Effects";
			sourceTree = "<group>";
		};
		AF1B3DCC1A19DE1F002F62B6 /* Music */ = {
			isa = PBXGroup;
			children = (
				AF1B3DD91A1B10A9002F62B6 /* 583897_JBroadway---Over-Th.mp3 */,
			);
			name = Music;
			sourceTree = "<group>";
		};
		BF62561219EC93F0008175CC = {
			isa = PBXGroup;
			children = (
				AFB232621A1974CB00EEC23E /* SpriteKit.framework */,
				BF62561D19EC93F0008175CC /* PipeDream */,
				BF62563719EC93F0008175CC /* PipeDreamTests */,
				BF62561C19EC93F0008175CC /* Products */,
			);
			sourceTree = "<group>";
		};
		BF62561C19EC93F0008175CC /* Products */ = {
			isa = PBXGroup;
			children = (
				BF62561B19EC93F0008175CC /* PipeDream.app */,
				BF62563419EC93F0008175CC /* PipeDreamTests.xctest */,
			);
			name = Products;
			sourceTree = "<group>";
		};
		BF62561D19EC93F0008175CC /* PipeDream */ = {
			isa = PBXGroup;
			children = (
				930F53E71A391C7A00D42B02 /* Application */,
				930F53E51A391B1600D42B02 /* Level */,
				930F53E41A391AE600D42B02 /* Menus */,
				BF62561E19EC93F0008175CC /* Supporting Files */,
				930F53E81A391CA000D42B02 /* Utilities */,
				BF62562819EC93F0008175CC /* Main.storyboard */,
				BF62562B19EC93F0008175CC /* Images.xcassets */,
				BF62562D19EC93F0008175CC /* LaunchScreen.xib */,
			);
			path = PipeDream;
			sourceTree = "<group>";
		};
		BF62561E19EC93F0008175CC /* Supporting Files */ = {
			isa = PBXGroup;
			children = (
				930F53E61A391B6200D42B02 /* Resources */,
				BF62561F19EC93F0008175CC /* Info.plist */,
				BF62562019EC93F0008175CC /* main.m */,
			);
			name = "Supporting Files";
			sourceTree = "<group>";
		};
		BF62563719EC93F0008175CC /* PipeDreamTests */ = {
			isa = PBXGroup;
			children = (
				BF38D4FB1A391F2E003B0253 /* PDCellModelTests.m */,
				BF38D4FD1A39206C003B0253 /* PDGridGeneratorTests.m */,
				BF38D4FF1A392127003B0253 /* PDGridModelTests.m */,
				BF38D5011A392315003B0253 /* PDSpamViewControllerTests.m */,
				BF62563819EC93F0008175CC /* Supporting Files */,
			);
			path = PipeDreamTests;
			sourceTree = "<group>";
		};
		BF62563819EC93F0008175CC /* Supporting Files */ = {
			isa = PBXGroup;
			children = (
				BF62563919EC93F0008175CC /* Info.plist */,
			);
			name = "Supporting Files";
			sourceTree = "<group>";
		};
/* End PBXGroup section */

/* Begin PBXNativeTarget section */
		BF62561A19EC93F0008175CC /* PipeDream */ = {
			isa = PBXNativeTarget;
			buildConfigurationList = BF62563E19EC93F0008175CC /* Build configuration list for PBXNativeTarget "PipeDream" */;
			buildPhases = (
				BF62561719EC93F0008175CC /* Sources */,
				BF62561819EC93F0008175CC /* Frameworks */,
				BF62561919EC93F0008175CC /* Resources */,
			);
			buildRules = (
			);
			dependencies = (
			);
			name = PipeDream;
			productName = PipeDream;
			productReference = BF62561B19EC93F0008175CC /* PipeDream.app */;
			productType = "com.apple.product-type.application";
		};
		BF62563319EC93F0008175CC /* PipeDreamTests */ = {
			isa = PBXNativeTarget;
			buildConfigurationList = BF62564119EC93F0008175CC /* Build configuration list for PBXNativeTarget "PipeDreamTests" */;
			buildPhases = (
				BF62563019EC93F0008175CC /* Sources */,
				BF62563119EC93F0008175CC /* Frameworks */,
				BF62563219EC93F0008175CC /* Resources */,
			);
			buildRules = (
			);
			dependencies = (
				BF62563619EC93F0008175CC /* PBXTargetDependency */,
			);
			name = PipeDreamTests;
			productName = PipeDreamTests;
			productReference = BF62563419EC93F0008175CC /* PipeDreamTests.xctest */;
			productType = "com.apple.product-type.bundle.unit-test";
		};
/* End PBXNativeTarget section */

/* Begin PBXProject section */
		BF62561319EC93F0008175CC /* Project object */ = {
			isa = PBXProject;
			attributes = {
				LastUpgradeCheck = 0600;
				ORGANIZATIONNAME = "Flapjack Stack Hack";
				TargetAttributes = {
					BF62561A19EC93F0008175CC = {
						CreatedOnToolsVersion = 6.0;
					};
					BF62563319EC93F0008175CC = {
						CreatedOnToolsVersion = 6.0;
						TestTargetID = BF62561A19EC93F0008175CC;
					};
				};
			};
			buildConfigurationList = BF62561619EC93F0008175CC /* Build configuration list for PBXProject "PipeDream" */;
			compatibilityVersion = "Xcode 3.2";
			developmentRegion = English;
			hasScannedForEncodings = 0;
			knownRegions = (
				en,
				Base,
			);
			mainGroup = BF62561219EC93F0008175CC;
			productRefGroup = BF62561C19EC93F0008175CC /* Products */;
			projectDirPath = "";
			projectRoot = "";
			targets = (
				BF62561A19EC93F0008175CC /* PipeDream */,
				BF62563319EC93F0008175CC /* PipeDreamTests */,
			);
		};
/* End PBXProject section */

/* Begin PBXResourcesBuildPhase section */
		BF62561919EC93F0008175CC /* Resources */ = {
			isa = PBXResourcesBuildPhase;
			buildActionMask = 2147483647;
			files = (
				AF1B3DCE1A19DE30002F62B6 /* 219068__annabloom__click2.wav in Resources */,
				93A3904119F0E44A00D93EB1 /* grids.txt in Resources */,
				AF1B3DD21A1B0CBC002F62B6 /* 84322__splashdust__flipcard.wav in Resources */,
				BFA0C38F1A2DA9BA00652633 /* 166184__drminky__retro-coin-collect.wav in Resources */,
				BF1BB4CE1A1B30D0007B17A1 /* 157790__soundcollectah__airpipe-swoosh-01-shortened.wav in Resources */,
				AF1B3DD41A1B0D46002F62B6 /* 157609__qubodup__hollow-bang.wav in Resources */,
				BF6C66C31A08B821004C2D2E /* spams.txt in Resources */,
				AF1B3DDA1A1B10A9002F62B6 /* 583897_JBroadway---Over-Th.mp3 in Resources */,
				BF62562A19EC93F0008175CC /* Main.storyboard in Resources */,
				AF1B3DD81A1B102C002F62B6 /* 140511__blackstalian__click-sfx7.wav in Resources */,
				BFA0C38D1A2DA9BA00652633 /* 51460__andre-rocha-nascimento__basket-ball-01-bounce.wav in Resources */,
				BF62562F19EC93F0008175CC /* LaunchScreen.xib in Resources */,
				BF62562C19EC93F0008175CC /* Images.xcassets in Resources */,
				BF1BB4CC1A1B301E007B17A1 /* 240777__f4ngy__dealing-card-shortened.wav in Resources */,
				BFA0C38E1A2DA9BA00652633 /* 106727__kantouth__cartoon-bing-low.wav in Resources */,
				BFE35EC41A36A89100E98477 /* 146725__fins__laser.wav in Resources */,
			);
			runOnlyForDeploymentPostprocessing = 0;
		};
		BF62563219EC93F0008175CC /* Resources */ = {
			isa = PBXResourcesBuildPhase;
			buildActionMask = 2147483647;
			files = (
			);
			runOnlyForDeploymentPostprocessing = 0;
		};
/* End PBXResourcesBuildPhase section */

/* Begin PBXSourcesBuildPhase section */
		BF62561719EC93F0008175CC /* Sources */ = {
			isa = PBXSourcesBuildPhase;
			buildActionMask = 2147483647;
			files = (
				93FCF92A1A194F98005CF687 /* PDEndOfLevelViewController.m in Sources */,
				BF62564919EC9571008175CC /* PDCellView.m in Sources */,
				2994C49119F45C6F00A11183 /* PDQueue.m in Sources */,
				93A0CA7C1A2C11A500577470 /* PDPIDdingMonstersViewController.m in Sources */,
				BF62564F19EC9591008175CC /* PDCellModel.m in Sources */,
				BF80EB971A3545E700DDBA08 /* PDNarrativeViewController.m in Sources */,
				BFF943121A038271009FF758 /* PDMenuViewController.m in Sources */,
				BF62564619EC955B008175CC /* PDGridView.m in Sources */,
				9301F1D91A2D65FC00DF3E03 /* PDPIDScenario.m in Sources */,
				93A3903F19F0DBB600D93EB1 /* PDOpenings.m in Sources */,
				BF62562719EC93F0008175CC /* PDLevelViewController.m in Sources */,
				BF62562419EC93F0008175CC /* PDAppDelegate.m in Sources */,
				AF412EEF1A19CA6B00C34102 /* PDAudioManager.m in Sources */,
				BF62565219EC95A0008175CC /* PDGridGenerator.m in Sources */,
				BF62562119EC93F0008175CC /* main.m in Sources */,
				AFB232661A1976BA00EEC23E /* PDBounceAndSortScene.m in Sources */,
				0F13C6031A34D9830079D9D4 /* PDInstructionsViewController.m in Sources */,
				0FFF54131A2A5E0300CF337D /* PDCreditsViewController.m in Sources */,
				BFF9430C1A0376BA009FF758 /* PDSpamViewController.m in Sources */,
				BF62564C19EC957F008175CC /* PDGridModel.m in Sources */,
				AFB232611A196EAB00EEC23E /* PDBounceAndSortViewController.m in Sources */,
				BFC5A14A19F8985E000F186D /* PDLevelSelectionViewController.m in Sources */,
				93A0CA7F1A2C11C600577470 /* PDPIDdingMonstersScene.m in Sources */,
			);
			runOnlyForDeploymentPostprocessing = 0;
		};
		BF62563019EC93F0008175CC /* Sources */ = {
			isa = PBXSourcesBuildPhase;
			buildActionMask = 2147483647;
			files = (
				BF38D5021A392315003B0253 /* PDSpamViewControllerTests.m in Sources */,
				BF38D4FE1A39206C003B0253 /* PDGridGeneratorTests.m in Sources */,
				BF38D4FC1A391F2E003B0253 /* PDCellModelTests.m in Sources */,
				BF38D5001A392127003B0253 /* PDGridModelTests.m in Sources */,
			);
			runOnlyForDeploymentPostprocessing = 0;
		};
/* End PBXSourcesBuildPhase section */

/* Begin PBXTargetDependency section */
		BF62563619EC93F0008175CC /* PBXTargetDependency */ = {
			isa = PBXTargetDependency;
			target = BF62561A19EC93F0008175CC /* PipeDream */;
			targetProxy = BF62563519EC93F0008175CC /* PBXContainerItemProxy */;
		};
/* End PBXTargetDependency section */

/* Begin PBXVariantGroup section */
		BF62562819EC93F0008175CC /* Main.storyboard */ = {
			isa = PBXVariantGroup;
			children = (
				BF62562919EC93F0008175CC /* Base */,
			);
			name = Main.storyboard;
			sourceTree = "<group>";
		};
		BF62562D19EC93F0008175CC /* LaunchScreen.xib */ = {
			isa = PBXVariantGroup;
			children = (
				BF62562E19EC93F0008175CC /* Base */,
			);
			name = LaunchScreen.xib;
			sourceTree = "<group>";
		};
/* End PBXVariantGroup section */

/* Begin XCBuildConfiguration section */
		BF62563C19EC93F0008175CC /* Debug */ = {
			isa = XCBuildConfiguration;
			buildSettings = {
				ALWAYS_SEARCH_USER_PATHS = NO;
				CLANG_CXX_LANGUAGE_STANDARD = "gnu++0x";
				CLANG_CXX_LIBRARY = "libc++";
				CLANG_ENABLE_MODULES = YES;
				CLANG_ENABLE_OBJC_ARC = YES;
				CLANG_WARN_BOOL_CONVERSION = YES;
				CLANG_WARN_CONSTANT_CONVERSION = YES;
				CLANG_WARN_DIRECT_OBJC_ISA_USAGE = YES_ERROR;
				CLANG_WARN_EMPTY_BODY = YES;
				CLANG_WARN_ENUM_CONVERSION = YES;
				CLANG_WARN_INT_CONVERSION = YES;
				CLANG_WARN_OBJC_ROOT_CLASS = YES_ERROR;
				CLANG_WARN_UNREACHABLE_CODE = YES;
				CLANG_WARN__DUPLICATE_METHOD_MATCH = YES;
				"CODE_SIGN_IDENTITY[sdk=iphoneos*]" = "iPhone Developer";
				COPY_PHASE_STRIP = NO;
				ENABLE_STRICT_OBJC_MSGSEND = YES;
				GCC_C_LANGUAGE_STANDARD = gnu99;
				GCC_DYNAMIC_NO_PIC = NO;
				GCC_OPTIMIZATION_LEVEL = 0;
				GCC_PREPROCESSOR_DEFINITIONS = (
					"DEBUG=1",
					"$(inherited)",
				);
				GCC_SYMBOLS_PRIVATE_EXTERN = NO;
				GCC_WARN_64_TO_32_BIT_CONVERSION = YES;
				GCC_WARN_ABOUT_RETURN_TYPE = YES_ERROR;
				GCC_WARN_UNDECLARED_SELECTOR = YES;
				GCC_WARN_UNINITIALIZED_AUTOS = YES_AGGRESSIVE;
				GCC_WARN_UNUSED_FUNCTION = YES;
				GCC_WARN_UNUSED_VARIABLE = YES;
				IPHONEOS_DEPLOYMENT_TARGET = 8.0;
				MTL_ENABLE_DEBUG_INFO = YES;
				ONLY_ACTIVE_ARCH = YES;
				SDKROOT = iphoneos;
				TARGETED_DEVICE_FAMILY = 2;
			};
			name = Debug;
		};
		BF62563D19EC93F0008175CC /* Release */ = {
			isa = XCBuildConfiguration;
			buildSettings = {
				ALWAYS_SEARCH_USER_PATHS = NO;
				CLANG_CXX_LANGUAGE_STANDARD = "gnu++0x";
				CLANG_CXX_LIBRARY = "libc++";
				CLANG_ENABLE_MODULES = YES;
				CLANG_ENABLE_OBJC_ARC = YES;
				CLANG_WARN_BOOL_CONVERSION = YES;
				CLANG_WARN_CONSTANT_CONVERSION = YES;
				CLANG_WARN_DIRECT_OBJC_ISA_USAGE = YES_ERROR;
				CLANG_WARN_EMPTY_BODY = YES;
				CLANG_WARN_ENUM_CONVERSION = YES;
				CLANG_WARN_INT_CONVERSION = YES;
				CLANG_WARN_OBJC_ROOT_CLASS = YES_ERROR;
				CLANG_WARN_UNREACHABLE_CODE = YES;
				CLANG_WARN__DUPLICATE_METHOD_MATCH = YES;
				"CODE_SIGN_IDENTITY[sdk=iphoneos*]" = "iPhone Developer";
				COPY_PHASE_STRIP = YES;
				ENABLE_NS_ASSERTIONS = NO;
				ENABLE_STRICT_OBJC_MSGSEND = YES;
				GCC_C_LANGUAGE_STANDARD = gnu99;
				GCC_WARN_64_TO_32_BIT_CONVERSION = YES;
				GCC_WARN_ABOUT_RETURN_TYPE = YES_ERROR;
				GCC_WARN_UNDECLARED_SELECTOR = YES;
				GCC_WARN_UNINITIALIZED_AUTOS = YES_AGGRESSIVE;
				GCC_WARN_UNUSED_FUNCTION = YES;
				GCC_WARN_UNUSED_VARIABLE = YES;
				IPHONEOS_DEPLOYMENT_TARGET = 8.0;
				MTL_ENABLE_DEBUG_INFO = NO;
				SDKROOT = iphoneos;
				TARGETED_DEVICE_FAMILY = 2;
				VALIDATE_PRODUCT = YES;
			};
			name = Release;
		};
		BF62563F19EC93F0008175CC /* Debug */ = {
			isa = XCBuildConfiguration;
			buildSettings = {
				ASSETCATALOG_COMPILER_APPICON_NAME = AppIcon;
				ASSETCATALOG_COMPILER_LAUNCHIMAGE_NAME = LaunchImage;
				INFOPLIST_FILE = PipeDream/Info.plist;
				IPHONEOS_DEPLOYMENT_TARGET = 7.1;
				LD_RUNPATH_SEARCH_PATHS = "$(inherited) @executable_path/Frameworks";
				PRODUCT_NAME = "$(TARGET_NAME)";
			};
			name = Debug;
		};
		BF62564019EC93F0008175CC /* Release */ = {
			isa = XCBuildConfiguration;
			buildSettings = {
				ASSETCATALOG_COMPILER_APPICON_NAME = AppIcon;
				ASSETCATALOG_COMPILER_LAUNCHIMAGE_NAME = LaunchImage;
				INFOPLIST_FILE = PipeDream/Info.plist;
				IPHONEOS_DEPLOYMENT_TARGET = 7.1;
				LD_RUNPATH_SEARCH_PATHS = "$(inherited) @executable_path/Frameworks";
				PRODUCT_NAME = "$(TARGET_NAME)";
			};
			name = Release;
		};
		BF62564219EC93F0008175CC /* Debug */ = {
			isa = XCBuildConfiguration;
			buildSettings = {
				BUNDLE_LOADER = "$(TEST_HOST)";
				FRAMEWORK_SEARCH_PATHS = (
					"$(SDKROOT)/Developer/Library/Frameworks",
					"$(inherited)",
				);
				GCC_PREPROCESSOR_DEFINITIONS = (
					"DEBUG=1",
					"$(inherited)",
				);
				INFOPLIST_FILE = PipeDreamTests/Info.plist;
				IPHONEOS_DEPLOYMENT_TARGET = 7.1;
				LD_RUNPATH_SEARCH_PATHS = "$(inherited) @executable_path/Frameworks @loader_path/Frameworks";
				PRODUCT_NAME = "$(TARGET_NAME)";
				TEST_HOST = "$(BUILT_PRODUCTS_DIR)/PipeDream.app/PipeDream";
			};
			name = Debug;
		};
		BF62564319EC93F0008175CC /* Release */ = {
			isa = XCBuildConfiguration;
			buildSettings = {
				BUNDLE_LOADER = "$(TEST_HOST)";
				FRAMEWORK_SEARCH_PATHS = (
					"$(SDKROOT)/Developer/Library/Frameworks",
					"$(inherited)",
				);
				INFOPLIST_FILE = PipeDreamTests/Info.plist;
				IPHONEOS_DEPLOYMENT_TARGET = 7.1;
				LD_RUNPATH_SEARCH_PATHS = "$(inherited) @executable_path/Frameworks @loader_path/Frameworks";
				PRODUCT_NAME = "$(TARGET_NAME)";
				TEST_HOST = "$(BUILT_PRODUCTS_DIR)/PipeDream.app/PipeDream";
			};
			name = Release;
		};
/* End XCBuildConfiguration section */

/* Begin XCConfigurationList section */
		BF62561619EC93F0008175CC /* Build configuration list for PBXProject "PipeDream" */ = {
			isa = XCConfigurationList;
			buildConfigurations = (
				BF62563C19EC93F0008175CC /* Debug */,
				BF62563D19EC93F0008175CC /* Release */,
			);
			defaultConfigurationIsVisible = 0;
			defaultConfigurationName = Release;
		};
		BF62563E19EC93F0008175CC /* Build configuration list for PBXNativeTarget "PipeDream" */ = {
			isa = XCConfigurationList;
			buildConfigurations = (
				BF62563F19EC93F0008175CC /* Debug */,
				BF62564019EC93F0008175CC /* Release */,
			);
			defaultConfigurationIsVisible = 0;
			defaultConfigurationName = Release;
		};
		BF62564119EC93F0008175CC /* Build configuration list for PBXNativeTarget "PipeDreamTests" */ = {
			isa = XCConfigurationList;
			buildConfigurations = (
				BF62564219EC93F0008175CC /* Debug */,
				BF62564319EC93F0008175CC /* Release */,
			);
			defaultConfigurationIsVisible = 0;
			defaultConfigurationName = Release;
		};
/* End XCConfigurationList section */
	};
	rootObject = BF62561319EC93F0008175CC /* Project object */;
}
